
Microsoft Visual Studio Solution File, Format Version 11.00
# Visual C++ Express 2010
Project("{8BC9CEB8-8B4A-11D0-8D11-00A0C91BC942}") = "컴응미니게임과제", "컴응미니게임과제\컴응미니게임과제.vcxproj", "{CA5D6B37-6ABA-4554-B298-0145A9ECD97F}"
EndProject
Global
	GlobalSection(SolutionConfigurationPlatforms) = preSolution
		Debug|Win32 = Debug|Win32
		Release|Win32 = Release|Win32
	EndGlobalSection
	GlobalSection(ProjectConfigurationPlatforms) = postSolution
		{CA5D6B37-6ABA-4554-B298-0145A9ECD97F}.Debug|Win32.ActiveCfg = Debug|Win32
		{CA5D6B37-6ABA-4554-B298-0145A9ECD97F}.Debug|Win32.Build.0 = Debug|Win32
		{CA5D6B37-6ABA-4554-B298-0145A9ECD97F}.Release|Win32.ActiveCfg = Release|Win32
		{CA5D6B37-6ABA-4554-B298-0145A9ECD97F}.Release|Win32.Build.0 = Release|Win32
	EndGlobalSection
	GlobalSection(SolutionProperties) = preSolution
		HideSolutionNode = FALSE
	EndGlobalSection
EndGlobal
